
Microsoft Visual Studio Solution File, Format Version 12.00
# Visual Studio 15
VisualStudioVersion = 15.0.26430.6
MinimumVisualStudioVersion = 10.0.40219.1
Project("{D954291E-2A0B-460D-934E-DC6B0785DB48}") = "Credence", "Credence\Credence\Credence.shproj", "{D3C095D1-8039-4C97-9EBA-4C88C9EDEDFA}"
EndProject
Project("{FAE04EC0-301F-11D3-BF4B-00C04F79EFBC}") = "Credence.Android", "Credence\Credence.Android\Credence.Android.csproj", "{A6497CFD-EFF1-47C4-99D8-8F2B119DCFC0}"
EndProject
Project("{FAE04EC0-301F-11D3-BF4B-00C04F79EFBC}") = "Credence.iOS", "Credence\Credence.iOS\Credence.iOS.csproj", "{A4E70B67-D816-4F49-8F1D-125EFDA49095}"
EndProject
Project("{FAE04EC0-301F-11D3-BF4B-00C04F79EFBC}") = "Credence.UWP", "Credence\Credence.UWP\Credence.UWP.csproj", "{37E3749B-83EB-4C66-A126-FF4D2FB2501C}"
EndProject
Project("{2150E333-8FDC-42A3-9474-1A3956D46DE8}") = "Solution Items", "Solution Items", "{183418C3-6400-446F-915E-71A42C456720}"
EndProject
Global
	GlobalSection(SharedMSBuildProjectFiles) = preSolution
		Credence\Credence\Credence.projitems*{37e3749b-83eb-4c66-a126-ff4d2fb2501c}*SharedItemsImports = 4
		Credence\Credence\Credence.projitems*{a4e70b67-d816-4f49-8f1d-125efda49095}*SharedItemsImports = 4
		Credence\Credence\Credence.projitems*{a6497cfd-eff1-47c4-99d8-8f2b119dcfc0}*SharedItemsImports = 4
		Credence\Credence\Credence.projitems*{d3c095d1-8039-4c97-9eba-4c88c9ededfa}*SharedItemsImports = 13
	EndGlobalSection
	GlobalSection(SolutionConfigurationPlatforms) = preSolution
		Ad-Hoc|Any CPU = Ad-Hoc|Any CPU
		Ad-Hoc|ARM = Ad-Hoc|ARM
		Ad-Hoc|iPhone = Ad-Hoc|iPhone
		Ad-Hoc|iPhoneSimulator = Ad-Hoc|iPhoneSimulator
		Ad-Hoc|x64 = Ad-Hoc|x64
		Ad-Hoc|x86 = Ad-Hoc|x86
		AppStore|Any CPU = AppStore|Any CPU
		AppStore|ARM = AppStore|ARM
		AppStore|iPhone = AppStore|iPhone
		AppStore|iPhoneSimulator = AppStore|iPhoneSimulator
		AppStore|x64 = AppStore|x64
		AppStore|x86 = AppStore|x86
		Debug|Any CPU = Debug|Any CPU
		Debug|ARM = Debug|ARM
		Debug|iPhone = Debug|iPhone
		Debug|iPhoneSimulator = Debug|iPhoneSimulator
		Debug|x64 = Debug|x64
		Debug|x86 = Debug|x86
		Release|Any CPU = Release|Any CPU
		Release|ARM = Release|ARM
		Release|iPhone = Release|iPhone
		Release|iPhoneSimulator = Release|iPhoneSimulator
		Release|x64 = Release|x64
		Release|x86 = Release|x86
	EndGlobalSection
	GlobalSection(ProjectConfigurationPlatforms) = postSolution
		{A6497CFD-EFF1-47C4-99D8-8F2B119DCFC0}.Ad-Hoc|Any CPU.ActiveCfg = Release|Any CPU
		{A6497CFD-EFF1-47C4-99D8-8F2B119DCFC0}.Ad-Hoc|Any CPU.Build.0 = Release|Any CPU
		{A6497CFD-EFF1-47C4-99D8-8F2B119DCFC0}.Ad-Hoc|Any CPU.Deploy.0 = Release|Any CPU
		{A6497CFD-EFF1-47C4-99D8-8F2B119DCFC0}.Ad-Hoc|ARM.ActiveCfg = Release|Any CPU
		{A6497CFD-EFF1-47C4-99D8-8F2B119DCFC0}.Ad-Hoc|ARM.Build.0 = Release|Any CPU
		{A6497CFD-EFF1-47C4-99D8-8F2B119DCFC0}.Ad-Hoc|ARM.Deploy.0 = Release|Any CPU
		{A6497CFD-EFF1-47C4-99D8-8F2B119DCFC0}.Ad-Hoc|iPhone.ActiveCfg = Release|Any CPU
		{A6497CFD-EFF1-47C4-99D8-8F2B119DCFC0}.Ad-Hoc|iPhone.Build.0 = Release|Any CPU
		{A6497CFD-EFF1-47C4-99D8-8F2B119DCFC0}.Ad-Hoc|iPhone.Deploy.0 = Release|Any CPU
		{A6497CFD-EFF1-47C4-99D8-8F2B119DCFC0}.Ad-Hoc|iPhoneSimulator.ActiveCfg = Release|Any CPU
		{A6497CFD-EFF1-47C4-99D8-8F2B119DCFC0}.Ad-Hoc|iPhoneSimulator.Build.0 = Release|Any CPU
		{A6497CFD-EFF1-47C4-99D8-8F2B119DCFC0}.Ad-Hoc|iPhoneSimulator.Deploy.0 = Release|Any CPU
		{A6497CFD-EFF1-47C4-99D8-8F2B119DCFC0}.Ad-Hoc|x64.ActiveCfg = Release|Any CPU
		{A6497CFD-EFF1-47C4-99D8-8F2B119DCFC0}.Ad-Hoc|x64.Build.0 = Release|Any CPU
		{A6497CFD-EFF1-47C4-99D8-8F2B119DCFC0}.Ad-Hoc|x64.Deploy.0 = Release|Any CPU
		{A6497CFD-EFF1-47C4-99D8-8F2B119DCFC0}.Ad-Hoc|x86.ActiveCfg = Release|Any CPU
		{A6497CFD-EFF1-47C4-99D8-8F2B119DCFC0}.Ad-Hoc|x86.Build.0 = Release|Any CPU
		{A6497CFD-EFF1-47C4-99D8-8F2B119DCFC0}.Ad-Hoc|x86.Deploy.0 = Release|Any CPU
		{A6497CFD-EFF1-47C4-99D8-8F2B119DCFC0}.AppStore|Any CPU.ActiveCfg = Release|Any CPU
		{A6497CFD-EFF1-47C4-99D8-8F2B119DCFC0}.AppStore|Any CPU.Build.0 = Release|Any CPU
		{A6497CFD-EFF1-47C4-99D8-8F2B119DCFC0}.AppStore|Any CPU.Deploy.0 = Release|Any CPU
		{A6497CFD-EFF1-47C4-99D8-8F2B119DCFC0}.AppStore|ARM.ActiveCfg = Release|Any CPU
		{A6497CFD-EFF1-47C4-99D8-8F2B119DCFC0}.AppStore|ARM.Build.0 = Release|Any CPU
		{A6497CFD-EFF1-47C4-99D8-8F2B119DCFC0}.AppStore|ARM.Deploy.0 = Release|Any CPU
		{A6497CFD-EFF1-47C4-99D8-8F2B119DCFC0}.AppStore|iPhone.ActiveCfg = Release|Any CPU
		{A6497CFD-EFF1-47C4-99D8-8F2B119DCFC0}.AppStore|iPhone.Build.0 = Release|Any CPU
		{A6497CFD-EFF1-47C4-99D8-8F2B119DCFC0}.AppStore|iPhone.Deploy.0 = Release|Any CPU
		{A6497CFD-EFF1-47C4-99D8-8F2B119DCFC0}.AppStore|iPhoneSimulator.ActiveCfg = Release|Any CPU
		{A6497CFD-EFF1-47C4-99D8-8F2B119DCFC0}.AppStore|iPhoneSimulator.Build.0 = Release|Any CPU
		{A6497CFD-EFF1-47C4-99D8-8F2B119DCFC0}.AppStore|iPhoneSimulator.Deploy.0 = Release|Any CPU
		{A6497CFD-EFF1-47C4-99D8-8F2B119DCFC0}.AppStore|x64.ActiveCfg = Release|Any CPU
		{A6497CFD-EFF1-47C4-99D8-8F2B119DCFC0}.AppStore|x64.Build.0 = Release|Any CPU
		{A6497CFD-EFF1-47C4-99D8-8F2B119DCFC0}.AppStore|x64.Deploy.0 = Release|Any CPU
		{A6497CFD-EFF1-47C4-99D8-8F2B119DCFC0}.AppStore|x86.ActiveCfg = Release|Any CPU
		{A6497CFD-EFF1-47C4-99D8-8F2B119DCFC0}.AppStore|x86.Build.0 = Release|Any CPU
		{A6497CFD-EFF1-47C4-99D8-8F2B119DCFC0}.AppStore|x86.Deploy.0 = Release|Any CPU
		{A6497CFD-EFF1-47C4-99D8-8F2B119DCFC0}.Debug|Any CPU.ActiveCfg = Debug|Any CPU
		{A6497CFD-EFF1-47C4-99D8-8F2B119DCFC0}.Debug|Any CPU.Build.0 = Debug|Any CPU
		{A6497CFD-EFF1-47C4-99D8-8F2B119DCFC0}.Debug|Any CPU.Deploy.0 = Debug|Any CPU
		{A6497CFD-EFF1-47C4-99D8-8F2B119DCFC0}.Debug|ARM.ActiveCfg = Debug|Any CPU
		{A6497CFD-EFF1-47C4-99D8-8F2B119DCFC0}.Debug|ARM.Build.0 = Debug|Any CPU
		{A6497CFD-EFF1-47C4-99D8-8F2B119DCFC0}.Debug|ARM.Deploy.0 = Debug|Any CPU
		{A6497CFD-EFF1-47C4-99D8-8F2B119DCFC0}.Debug|iPhone.ActiveCfg = Debug|Any CPU
		{A6497CFD-EFF1-47C4-99D8-8F2B119DCFC0}.Debug|iPhone.Build.0 = Debug|Any CPU
		{A6497CFD-EFF1-47C4-99D8-8F2B119DCFC0}.Debug|iPhone.Deploy.0 = Debug|Any CPU
		{A6497CFD-EFF1-47C4-99D8-8F2B119DCFC0}.Debug|iPhoneSimulator.ActiveCfg = Debug|Any CPU
		{A6497CFD-EFF1-47C4-99D8-8F2B119DCFC0}.Debug|iPhoneSimulator.Build.0 = Debug|Any CPU
		{A6497CFD-EFF1-47C4-99D8-8F2B119DCFC0}.Debug|iPhoneSimulator.Deploy.0 = Debug|Any CPU
		{A6497CFD-EFF1-47C4-99D8-8F2B119DCFC0}.Debug|x64.ActiveCfg = Debug|Any CPU
		{A6497CFD-EFF1-47C4-99D8-8F2B119DCFC0}.Debug|x64.Build.0 = Debug|Any CPU
		{A6497CFD-EFF1-47C4-99D8-8F2B119DCFC0}.Debug|x64.Deploy.0 = Debug|Any CPU
		{A6497CFD-EFF1-47C4-99D8-8F2B119DCFC0}.Debug|x86.ActiveCfg = Debug|Any CPU
		{A6497CFD-EFF1-47C4-99D8-8F2B119DCFC0}.Debug|x86.Build.0 = Debug|Any CPU
		{A6497CFD-EFF1-47C4-99D8-8F2B119DCFC0}.Debug|x86.Deploy.0 = Debug|Any CPU
		{A6497CFD-EFF1-47C4-99D8-8F2B119DCFC0}.Release|Any CPU.ActiveCfg = Release|Any CPU
		{A6497CFD-EFF1-47C4-99D8-8F2B119DCFC0}.Release|Any CPU.Build.0 = Release|Any CPU
		{A6497CFD-EFF1-47C4-99D8-8F2B119DCFC0}.Release|Any CPU.Deploy.0 = Release|Any CPU
		{A6497CFD-EFF1-47C4-99D8-8F2B119DCFC0}.Release|ARM.ActiveCfg = Release|Any CPU
		{A6497CFD-EFF1-47C4-99D8-8F2B119DCFC0}.Release|ARM.Build.0 = Release|Any CPU
		{A6497CFD-EFF1-47C4-99D8-8F2B119DCFC0}.Release|ARM.Deploy.0 = Release|Any CPU
		{A6497CFD-EFF1-47C4-99D8-8F2B119DCFC0}.Release|iPhone.ActiveCfg = Release|Any CPU
		{A6497CFD-EFF1-47C4-99D8-8F2B119DCFC0}.Release|iPhone.Build.0 = Release|Any CPU
		{A6497CFD-EFF1-47C4-99D8-8F2B119DCFC0}.Release|iPhone.Deploy.0 = Release|Any CPU
		{A6497CFD-EFF1-47C4-99D8-8F2B119DCFC0}.Release|iPhoneSimulator.ActiveCfg = Release|Any CPU
		{A6497CFD-EFF1-47C4-99D8-8F2B119DCFC0}.Release|iPhoneSimulator.Build.0 = Release|Any CPU
		{A6497CFD-EFF1-47C4-99D8-8F2B119DCFC0}.Release|iPhoneSimulator.Deploy.0 = Release|Any CPU
		{A6497CFD-EFF1-47C4-99D8-8F2B119DCFC0}.Release|x64.ActiveCfg = Release|Any CPU
		{A6497CFD-EFF1-47C4-99D8-8F2B119DCFC0}.Release|x64.Build.0 = Release|Any CPU
		{A6497CFD-EFF1-47C4-99D8-8F2B119DCFC0}.Release|x64.Deploy.0 = Release|Any CPU
		{A6497CFD-EFF1-47C4-99D8-8F2B119DCFC0}.Release|x86.ActiveCfg = Release|Any CPU
		{A6497CFD-EFF1-47C4-99D8-8F2B119DCFC0}.Release|x86.Build.0 = Release|Any CPU
		{A6497CFD-EFF1-47C4-99D8-8F2B119DCFC0}.Release|x86.Deploy.0 = Release|Any CPU
		{A4E70B67-D816-4F49-8F1D-125EFDA49095}.Ad-Hoc|Any CPU.ActiveCfg = Ad-Hoc|iPhone
		{A4E70B67-D816-4F49-8F1D-125EFDA49095}.Ad-Hoc|ARM.ActiveCfg = Ad-Hoc|iPhone
		{A4E70B67-D816-4F49-8F1D-125EFDA49095}.Ad-Hoc|iPhone.ActiveCfg = Ad-Hoc|iPhone
		{A4E70B67-D816-4F49-8F1D-125EFDA49095}.Ad-Hoc|iPhone.Build.0 = Ad-Hoc|iPhone
		{A4E70B67-D816-4F49-8F1D-125EFDA49095}.Ad-Hoc|iPhoneSimulator.ActiveCfg = Ad-Hoc|iPhoneSimulator
		{A4E70B67-D816-4F49-8F1D-125EFDA49095}.Ad-Hoc|iPhoneSimulator.Build.0 = Ad-Hoc|iPhoneSimulator
		{A4E70B67-D816-4F49-8F1D-125EFDA49095}.Ad-Hoc|x64.ActiveCfg = Ad-Hoc|iPhone
		{A4E70B67-D816-4F49-8F1D-125EFDA49095}.Ad-Hoc|x86.ActiveCfg = Ad-Hoc|iPhone
		{A4E70B67-D816-4F49-8F1D-125EFDA49095}.AppStore|Any CPU.ActiveCfg = AppStore|iPhone
		{A4E70B67-D816-4F49-8F1D-125EFDA49095}.AppStore|ARM.ActiveCfg = AppStore|iPhone
		{A4E70B67-D816-4F49-8F1D-125EFDA49095}.AppStore|iPhone.ActiveCfg = AppStore|iPhone
		{A4E70B67-D816-4F49-8F1D-125EFDA49095}.AppStore|iPhone.Build.0 = AppStore|iPhone
		{A4E70B67-D816-4F49-8F1D-125EFDA49095}.AppStore|iPhoneSimulator.ActiveCfg = AppStore|iPhoneSimulator
		{A4E70B67-D816-4F49-8F1D-125EFDA49095}.AppStore|iPhoneSimulator.Build.0 = AppStore|iPhoneSimulator
		{A4E70B67-D816-4F49-8F1D-125EFDA49095}.AppStore|x64.ActiveCfg = AppStore|iPhone
		{A4E70B67-D816-4F49-8F1D-125EFDA49095}.AppStore|x86.ActiveCfg = AppStore|iPhone
		{A4E70B67-D816-4F49-8F1D-125EFDA49095}.Debug|Any CPU.ActiveCfg = Debug|iPhone
		{A4E70B67-D816-4F49-8F1D-125EFDA49095}.Debug|ARM.ActiveCfg = Debug|iPhone
		{A4E70B67-D816-4F49-8F1D-125EFDA49095}.Debug|iPhone.ActiveCfg = Debug|iPhone
		{A4E70B67-D816-4F49-8F1D-125EFDA49095}.Debug|iPhone.Build.0 = Debug|iPhone
		{A4E70B67-D816-4F49-8F1D-125EFDA49095}.Debug|iPhoneSimulator.ActiveCfg = Debug|iPhoneSimulator
		{A4E70B67-D816-4F49-8F1D-125EFDA49095}.Debug|iPhoneSimulator.Build.0 = Debug|iPhoneSimulator
		{A4E70B67-D816-4F49-8F1D-125EFDA49095}.Debug|x64.ActiveCfg = Debug|iPhone
		{A4E70B67-D816-4F49-8F1D-125EFDA49095}.Debug|x86.ActiveCfg = Debug|iPhone
		{A4E70B67-D816-4F49-8F1D-125EFDA49095}.Release|Any CPU.ActiveCfg = Release|iPhone
		{A4E70B67-D816-4F49-8F1D-125EFDA49095}.Release|ARM.ActiveCfg = Release|iPhone
		{A4E70B67-D816-4F49-8F1D-125EFDA49095}.Release|iPhone.ActiveCfg = Release|iPhone
		{A4E70B67-D816-4F49-8F1D-125EFDA49095}.Release|iPhone.Build.0 = Release|iPhone
		{A4E70B67-D816-4F49-8F1D-125EFDA49095}.Release|iPhoneSimulator.ActiveCfg = Release|iPhoneSimulator
		{A4E70B67-D816-4F49-8F1D-125EFDA49095}.Release|iPhoneSimulator.Build.0 = Release|iPhoneSimulator
		{A4E70B67-D816-4F49-8F1D-125EFDA49095}.Release|x64.ActiveCfg = Release|iPhone
		{A4E70B67-D816-4F49-8F1D-125EFDA49095}.Release|x86.ActiveCfg = Release|iPhone
		{37E3749B-83EB-4C66-A126-FF4D2FB2501C}.Ad-Hoc|Any CPU.ActiveCfg = Release|x86
		{37E3749B-83EB-4C66-A126-FF4D2FB2501C}.Ad-Hoc|Any CPU.Build.0 = Release|x86
		{37E3749B-83EB-4C66-A126-FF4D2FB2501C}.Ad-Hoc|Any CPU.Deploy.0 = Release|x86
		{37E3749B-83EB-4C66-A126-FF4D2FB2501C}.Ad-Hoc|ARM.ActiveCfg = Release|ARM
		{37E3749B-83EB-4C66-A126-FF4D2FB2501C}.Ad-Hoc|ARM.Build.0 = Release|ARM
		{37E3749B-83EB-4C66-A126-FF4D2FB2501C}.Ad-Hoc|ARM.Deploy.0 = Release|ARM
		{37E3749B-83EB-4C66-A126-FF4D2FB2501C}.Ad-Hoc|iPhone.ActiveCfg = Release|x86
		{37E3749B-83EB-4C66-A126-FF4D2FB2501C}.Ad-Hoc|iPhone.Build.0 = Release|x86
		{37E3749B-83EB-4C66-A126-FF4D2FB2501C}.Ad-Hoc|iPhone.Deploy.0 = Release|x86
		{37E3749B-83EB-4C66-A126-FF4D2FB2501C}.Ad-Hoc|iPhoneSimulator.ActiveCfg = Release|x86
		{37E3749B-83EB-4C66-A126-FF4D2FB2501C}.Ad-Hoc|iPhoneSimulator.Build.0 = Release|x86
		{37E3749B-83EB-4C66-A126-FF4D2FB2501C}.Ad-Hoc|iPhoneSimulator.Deploy.0 = Release|x86
		{37E3749B-83EB-4C66-A126-FF4D2FB2501C}.Ad-Hoc|x64.ActiveCfg = Release|x64
		{37E3749B-83EB-4C66-A126-FF4D2FB2501C}.Ad-Hoc|x64.Build.0 = Release|x64
		{37E3749B-83EB-4C66-A126-FF4D2FB2501C}.Ad-Hoc|x64.Deploy.0 = Release|x64
		{37E3749B-83EB-4C66-A126-FF4D2FB2501C}.Ad-Hoc|x86.ActiveCfg = Release|x86
		{37E3749B-83EB-4C66-A126-FF4D2FB2501C}.Ad-Hoc|x86.Build.0 = Release|x86
		{37E3749B-83EB-4C66-A126-FF4D2FB2501C}.Ad-Hoc|x86.Deploy.0 = Release|x86
		{37E3749B-83EB-4C66-A126-FF4D2FB2501C}.AppStore|Any CPU.ActiveCfg = Release|x86
		{37E3749B-83EB-4C66-A126-FF4D2FB2501C}.AppStore|Any CPU.Build.0 = Release|x86
		{37E3749B-83EB-4C66-A126-FF4D2FB2501C}.AppStore|Any CPU.Deploy.0 = Release|x86
		{37E3749B-83EB-4C66-A126-FF4D2FB2501C}.AppStore|ARM.ActiveCfg = Release|ARM
		{37E3749B-83EB-4C66-A126-FF4D2FB2501C}.AppStore|ARM.Build.0 = Release|ARM
		{37E3749B-83EB-4C66-A126-FF4D2FB2501C}.AppStore|ARM.Deploy.0 = Release|ARM
		{37E3749B-83EB-4C66-A126-FF4D2FB2501C}.AppStore|iPhone.ActiveCfg = Release|x86
		{37E3749B-83EB-4C66-A126-FF4D2FB2501C}.AppStore|iPhone.Build.0 = Release|x86
		{37E3749B-83EB-4C66-A126-FF4D2FB2501C}.AppStore|iPhone.Deploy.0 = Release|x86
		{37E3749B-83EB-4C66-A126-FF4D2FB2501C}.AppStore|iPhoneSimulator.ActiveCfg = Release|x86
		{37E3749B-83EB-4C66-A126-FF4D2FB2501C}.AppStore|iPhoneSimulator.Build.0 = Release|x86
		{37E3749B-83EB-4C66-A126-FF4D2FB2501C}.AppStore|iPhoneSimulator.Deploy.0 = Release|x86
		{37E3749B-83EB-4C66-A126-FF4D2FB2501C}.AppStore|x64.ActiveCfg = Release|x64
		{37E3749B-83EB-4C66-A126-FF4D2FB2501C}.AppStore|x64.Build.0 = Release|x64
		{37E3749B-83EB-4C66-A126-FF4D2FB2501C}.AppStore|x64.Deploy.0 = Release|x64
		{37E3749B-83EB-4C66-A126-FF4D2FB2501C}.AppStore|x86.ActiveCfg = Release|x86
		{37E3749B-83EB-4C66-A126-FF4D2FB2501C}.AppStore|x86.Build.0 = Release|x86
		{37E3749B-83EB-4C66-A126-FF4D2FB2501C}.AppStore|x86.Deploy.0 = Release|x86
		{37E3749B-83EB-4C66-A126-FF4D2FB2501C}.Debug|Any CPU.ActiveCfg = Debug|x86
		{37E3749B-83EB-4C66-A126-FF4D2FB2501C}.Debug|ARM.ActiveCfg = Debug|ARM
		{37E3749B-83EB-4C66-A126-FF4D2FB2501C}.Debug|ARM.Build.0 = Debug|ARM
		{37E3749B-83EB-4C66-A126-FF4D2FB2501C}.Debug|ARM.Deploy.0 = Debug|ARM
		{37E3749B-83EB-4C66-A126-FF4D2FB2501C}.Debug|iPhone.ActiveCfg = Debug|x86
		{37E3749B-83EB-4C66-A126-FF4D2FB2501C}.Debug|iPhoneSimulator.ActiveCfg = Debug|x86
		{37E3749B-83EB-4C66-A126-FF4D2FB2501C}.Debug|x64.ActiveCfg = Debug|x64
		{37E3749B-83EB-4C66-A126-FF4D2FB2501C}.Debug|x64.Build.0 = Debug|x64
		{37E3749B-83EB-4C66-A126-FF4D2FB2501C}.Debug|x64.Deploy.0 = Debug|x64
		{37E3749B-83EB-4C66-A126-FF4D2FB2501C}.Debug|x86.ActiveCfg = Debug|x86
		{37E3749B-83EB-4C66-A126-FF4D2FB2501C}.Debug|x86.Build.0 = Debug|x86
		{37E3749B-83EB-4C66-A126-FF4D2FB2501C}.Debug|x86.Deploy.0 = Debug|x86
		{37E3749B-83EB-4C66-A126-FF4D2FB2501C}.Release|Any CPU.ActiveCfg = Release|x86
		{37E3749B-83EB-4C66-A126-FF4D2FB2501C}.Release|ARM.ActiveCfg = Release|ARM
		{37E3749B-83EB-4C66-A126-FF4D2FB2501C}.Release|ARM.Build.0 = Release|ARM
		{37E3749B-83EB-4C66-A126-FF4D2FB2501C}.Release|ARM.Deploy.0 = Release|ARM
		{37E3749B-83EB-4C66-A126-FF4D2FB2501C}.Release|iPhone.ActiveCfg = Release|x86
		{37E3749B-83EB-4C66-A126-FF4D2FB2501C}.Release|iPhoneSimulator.ActiveCfg = Release|x86
		{37E3749B-83EB-4C66-A126-FF4D2FB2501C}.Release|x64.ActiveCfg = Release|x64
		{37E3749B-83EB-4C66-A126-FF4D2FB2501C}.Release|x64.Build.0 = Release|x64
		{37E3749B-83EB-4C66-A126-FF4D2FB2501C}.Release|x64.Deploy.0 = Release|x64
		{37E3749B-83EB-4C66-A126-FF4D2FB2501C}.Release|x86.ActiveCfg = Release|x86
		{37E3749B-83EB-4C66-A126-FF4D2FB2501C}.Release|x86.Build.0 = Release|x86
		{37E3749B-83EB-4C66-A126-FF4D2FB2501C}.Release|x86.Deploy.0 = Release|x86
	EndGlobalSection
	GlobalSection(SolutionProperties) = preSolution
		HideSolutionNode = FALSE
	EndGlobalSection
EndGlobal
